
Microsoft Visual Studio Solution File, Format Version 12.00
# Visual Studio Version 17
VisualStudioVersion = 17.2.32630.192
MinimumVisualStudioVersion = 10.0.40219.1
Project("{FAE04EC0-301F-11D3-BF4B-00C04F79EFBC}") = "FMVC", "FMVC\FMVC.csproj", "{CE53B70F-111C-4B4E-9381-F5377F359109}"
EndProject
Global
	GlobalSection(SolutionConfigurationPlatforms) = preSolution
		Debug|Any CPU = Debug|Any CPU
		Release|Any CPU = Release|Any CPU
	EndGlobalSection
	GlobalSection(ProjectConfigurationPlatforms) = postSolution
		{CE53B70F-111C-4B4E-9381-F5377F359109}.Debug|Any CPU.ActiveCfg = Debug|Any CPU
		{CE53B70F-111C-4B4E-9381-F5377F359109}.Debug|Any CPU.Build.0 = Debug|Any CPU
		{CE53B70F-111C-4B4E-9381-F5377F359109}.Release|Any CPU.ActiveCfg = Release|Any CPU
		{CE53B70F-111C-4B4E-9381-F5377F359109}.Release|Any CPU.Build.0 = Release|Any CPU
	EndGlobalSection
	GlobalSection(SolutionProperties) = preSolution
		HideSolutionNode = FALSE
	EndGlobalSection
	GlobalSection(ExtensibilityGlobals) = postSolution
		SolutionGuid = {BA949A02-54AE-4E1F-826C-B41BAEDCDEFD}
	EndGlobalSection
EndGlobal
